# This file was autogenerated by Stack.
# You should not edit this file by hand.
# For more information, please see the documentation at:
#   https://docs.haskellstack.org/en/stable/lock_files

packages: []
snapshots:
- completed:
    size: 374367
    url: https://raw.githubusercontent.com/commercialhaskell/stackage-snapshots/master/lts/5/12.yaml
    sha256: a0ff53fb161f30ad2dde5b7e19349691206525664b674fe63cd8bd6e8e54ccbd
  original: lts-5.12
